// !$*UTF8*$!
{
	archiveVersion = 1;
	classes = {
	};
	objectVersion = 77;
	objects = {

/* Begin PBXBuildFile section */
		202EAB26F9688AFF19994AEA /* APIClient.swift in Sources */ = {isa = PBXBuildFile; fileRef = B47F5511614C5AA436F567A4 /* APIClient.swift */; };
		31DF6B46CCF75803A84D21DE /* Localization.swift in Sources */ = {isa = PBXBuildFile; fileRef = D4CA9C5A4322778A705FD940 /* Localization.swift */; };
		47589729E3D00178D2EFB427 /* AppConfig.swift in Sources */ = {isa = PBXBuildFile; fileRef = E37D8F709E52CBC384700AA8 /* AppConfig.swift */; };
		55761FFE98898340621CB331 /* GRGabriellaRomeoApp.swift in Sources */ = {isa = PBXBuildFile; fileRef = D01BAB2B1CFB2EE2B01E2DA4 /* GRGabriellaRomeoApp.swift */; };
		5A8E5E8D65FBE4C48B9F2887 /* CartCheckoutViews.swift in Sources */ = {isa = PBXBuildFile; fileRef = 9E12B726C34267559A7B9B4E /* CartCheckoutViews.swift */; };
		6999DF38ABE5C6820BF2D59A /* ProductViews.swift in Sources */ = {isa = PBXBuildFile; fileRef = 57E31CCF8FE1CB456A01B2F0 /* ProductViews.swift */; };
		6F0B9B571E92D2B97E8AC928 /* AppStore.swift in Sources */ = {isa = PBXBuildFile; fileRef = DE2429766C373F111B9E3CBC /* AppStore.swift */; };
		744C1EDA4D187533F896CAFC /* Models.swift in Sources */ = {isa = PBXBuildFile; fileRef = 920A6AC81E48076583139EB4 /* Models.swift */; };
		75037E2F378C362C0C59480F /* RootView.swift in Sources */ = {isa = PBXBuildFile; fileRef = 0AFE40F6388D6A2A109BE41F /* RootView.swift */; };
		D1262EF1A7D1A9D9F45E89BE /* AccountView.swift in Sources */ = {isa = PBXBuildFile; fileRef = 9BDAD5AB5B5D89378530CC4E /* AccountView.swift */; };
/* End PBXBuildFile section */

/* Begin PBXFileReference section */
		0AFE40F6388D6A2A109BE41F /* RootView.swift */ = {isa = PBXFileReference; lastKnownFileType = sourcecode.swift; path = RootView.swift; sourceTree = "<group>"; };
		1221DCD926797A2D6ACEB471 /* GRGabriellaRomeo.app */ = {isa = PBXFileReference; includeInIndex = 0; lastKnownFileType = wrapper.application; path = GRGabriellaRomeo.app; sourceTree = BUILT_PRODUCTS_DIR; };
		57E31CCF8FE1CB456A01B2F0 /* ProductViews.swift */ = {isa = PBXFileReference; lastKnownFileType = sourcecode.swift; path = ProductViews.swift; sourceTree = "<group>"; };
		920A6AC81E48076583139EB4 /* Models.swift */ = {isa = PBXFileReference; lastKnownFileType = sourcecode.swift; path = Models.swift; sourceTree = "<group>"; };
		9BDAD5AB5B5D89378530CC4E /* AccountView.swift */ = {isa = PBXFileReference; lastKnownFileType = sourcecode.swift; path = AccountView.swift; sourceTree = "<group>"; };
		9E12B726C34267559A7B9B4E /* CartCheckoutViews.swift */ = {isa = PBXFileReference; lastKnownFileType = sourcecode.swift; path = CartCheckoutViews.swift; sourceTree = "<group>"; };
		B47F5511614C5AA436F567A4 /* APIClient.swift */ = {isa = PBXFileReference; lastKnownFileType = sourcecode.swift; path = APIClient.swift; sourceTree = "<group>"; };
		D01BAB2B1CFB2EE2B01E2DA4 /* GRGabriellaRomeoApp.swift */ = {isa = PBXFileReference; lastKnownFileType = sourcecode.swift; path = GRGabriellaRomeoApp.swift; sourceTree = "<group>"; };
		D4CA9C5A4322778A705FD940 /* Localization.swift */ = {isa = PBXFileReference; lastKnownFileType = sourcecode.swift; path = Localization.swift; sourceTree = "<group>"; };
		DE2429766C373F111B9E3CBC /* AppStore.swift */ = {isa = PBXFileReference; lastKnownFileType = sourcecode.swift; path = AppStore.swift; sourceTree = "<group>"; };
		E37D8F709E52CBC384700AA8 /* AppConfig.swift */ = {isa = PBXFileReference; lastKnownFileType = sourcecode.swift; path = AppConfig.swift; sourceTree = "<group>"; };
/* End PBXFileReference section */

/* Begin PBXGroup section */
		3B05C0A326E50DBA5C1517C9 /* Products */ = {
			isa = PBXGroup;
			children = (
				1221DCD926797A2D6ACEB471 /* GRGabriellaRomeo.app */,
			);
			name = Products;
			sourceTree = "<group>";
		};
		52542B42F183D3FDC94B420E /* Sources */ = {
			isa = PBXGroup;
			children = (
				C6E814F79C4032B654F8D985 /* GRGabriellaRomeo */,
			);
			path = Sources;
			sourceTree = "<group>";
		};
		C6E814F79C4032B654F8D985 /* GRGabriellaRomeo */ = {
			isa = PBXGroup;
			children = (
				9BDAD5AB5B5D89378530CC4E /* AccountView.swift */,
				B47F5511614C5AA436F567A4 /* APIClient.swift */,
				E37D8F709E52CBC384700AA8 /* AppConfig.swift */,
				DE2429766C373F111B9E3CBC /* AppStore.swift */,
				9E12B726C34267559A7B9B4E /* CartCheckoutViews.swift */,
				D01BAB2B1CFB2EE2B01E2DA4 /* GRGabriellaRomeoApp.swift */,
				D4CA9C5A4322778A705FD940 /* Localization.swift */,
				920A6AC81E48076583139EB4 /* Models.swift */,
				57E31CCF8FE1CB456A01B2F0 /* ProductViews.swift */,
				0AFE40F6388D6A2A109BE41F /* RootView.swift */,
			);
			path = GRGabriellaRomeo;
			sourceTree = "<group>";
		};
		CCD70A368CD28AA77AB569E6 = {
			isa = PBXGroup;
			children = (
				52542B42F183D3FDC94B420E /* Sources */,
				3B05C0A326E50DBA5C1517C9 /* Products */,
			);
			sourceTree = "<group>";
		};
/* End PBXGroup section */

/* Begin PBXNativeTarget section */
		FF554E9BBEDF54C7A016224C /* GRGabriellaRomeo */ = {
			isa = PBXNativeTarget;
			buildConfigurationList = 1115E9B6E5C3010BD5E2FB66 /* Build configuration list for PBXNativeTarget "GRGabriellaRomeo" */;
			buildPhases = (
				56049865518B7240FD056DF2 /* Sources */,
			);
			buildRules = (
			);
			dependencies = (
			);
			name = GRGabriellaRomeo;
			packageProductDependencies = (
			);
			productName = GRGabriellaRomeo;
			productReference = 1221DCD926797A2D6ACEB471 /* GRGabriellaRomeo.app */;
			productType = "com.apple.product-type.application";
		};
/* End PBXNativeTarget section */

/* Begin PBXProject section */
		E6E900A8FE04BA9C4B7FB5A1 /* Project object */ = {
			isa = PBXProject;
			attributes = {
				BuildIndependentTargetsInParallel = YES;
				LastUpgradeCheck = 1430;
				TargetAttributes = {
					FF554E9BBEDF54C7A016224C = {
						DevelopmentTeam = M293D8XT82;
						ProvisioningStyle = Automatic;
					};
				};
			};
			buildConfigurationList = 52C0877141E641EDD58D7C68 /* Build configuration list for PBXProject "GRGabriellaRomeo" */;
			developmentRegion = en;
			hasScannedForEncodings = 0;
			knownRegions = (
				Base,
				en,
			);
			mainGroup = CCD70A368CD28AA77AB569E6;
			minimizedProjectReferenceProxies = 1;
			preferredProjectObjectVersion = 77;
			productRefGroup = 3B05C0A326E50DBA5C1517C9 /* Products */;
			projectDirPath = "";
			projectRoot = "";
			targets = (
				FF554E9BBEDF54C7A016224C /* GRGabriellaRomeo */,
			);
		};
/* End PBXProject section */

/* Begin PBXSourcesBuildPhase section */
		56049865518B7240FD056DF2 /* Sources */ = {
			isa = PBXSourcesBuildPhase;
			buildActionMask = 2147483647;
			files = (
				202EAB26F9688AFF19994AEA /* APIClient.swift in Sources */,
				D1262EF1A7D1A9D9F45E89BE /* AccountView.swift in Sources */,
				47589729E3D00178D2EFB427 /* AppConfig.swift in Sources */,
				6F0B9B571E92D2B97E8AC928 /* AppStore.swift in Sources */,
				5A8E5E8D65FBE4C48B9F2887 /* CartCheckoutViews.swift in Sources */,
				55761FFE98898340621CB331 /* GRGabriellaRomeoApp.swift in Sources */,
				31DF6B46CCF75803A84D21DE /* Localization.swift in Sources */,
				744C1EDA4D187533F896CAFC /* Models.swift in Sources */,
				6999DF38ABE5C6820BF2D59A /* ProductViews.swift in Sources */,
				75037E2F378C362C0C59480F /* RootView.swift in Sources */,
			);
			runOnlyForDeploymentPostprocessing = 0;
		};
/* End PBXSourcesBuildPhase section */

/* Begin XCBuildConfiguration section */
		29F8510A7B309921CCE35156 /* Debug */ = {
			isa = XCBuildConfiguration;
			buildSettings = {
				ASSETCATALOG_COMPILER_APPICON_NAME = AppIcon;
				CODE_SIGN_IDENTITY = "iPhone Developer";
				CODE_SIGN_STYLE = Automatic;
				DEVELOPMENT_TEAM = M293D8XT82;
				INFOPLIST_FILE = Resources/Info.plist;
				LD_RUNPATH_SEARCH_PATHS = (
					"$(inherited)",
					"@executable_path/Frameworks",
				);
				PRODUCT_BUNDLE_IDENTIFIER = com.grgabriellaromeo.app;
				SDKROOT = iphoneos;
				TARGETED_DEVICE_FAMILY = "1,2";
			};
			name = Debug;
		};
		5A49D025F51F13D7023B33D2 /* Release */ = {
			isa = XCBuildConfiguration;
			buildSettings = {
				ALWAYS_SEARCH_USER_PATHS = NO;
				CLANG_ANALYZER_NONNULL = YES;
				CLANG_ANALYZER_NUMBER_OBJECT_CONVERSION = YES_AGGRESSIVE;
				CLANG_CXX_LANGUAGE_STANDARD = "gnu++14";
				CLANG_CXX_LIBRARY = "libc++";
				CLANG_ENABLE_MODULES = YES;
				CLANG_ENABLE_OBJC_ARC = YES;
				CLANG_ENABLE_OBJC_WEAK = YES;
				CLANG_WARN_BLOCK_CAPTURE_AUTORELEASING = YES;
				CLANG_WARN_BOOL_CONVERSION = YES;
				CLANG_WARN_COMMA = YES;
				CLANG_WARN_CONSTANT_CONVERSION = YES;
				CLANG_WARN_DEPRECATED_OBJC_IMPLEMENTATIONS = YES;
				CLANG_WARN_DIRECT_OBJC_ISA_USAGE = YES_ERROR;
				CLANG_WARN_DOCUMENTATION_COMMENTS = YES;
				CLANG_WARN_EMPTY_BODY = YES;
				CLANG_WARN_ENUM_CONVERSION = YES;
				CLANG_WARN_INFINITE_RECURSION = YES;
				CLANG_WARN_INT_CONVERSION = YES;
				CLANG_WARN_NON_LITERAL_NULL_CONVERSION = YES;
				CLANG_WARN_OBJC_IMPLICIT_RETAIN_SELF = YES;
				CLANG_WARN_OBJC_LITERAL_CONVERSION = YES;
				CLANG_WARN_OBJC_ROOT_CLASS = YES_ERROR;
				CLANG_WARN_QUOTED_INCLUDE_IN_FRAMEWORK_HEADER = YES;
				CLANG_WARN_RANGE_LOOP_ANALYSIS = YES;
				CLANG_WARN_STRICT_PROTOTYPES = YES;
				CLANG_WARN_SUSPICIOUS_MOVE = YES;
				CLANG_WARN_UNGUARDED_AVAILABILITY = YES_AGGRESSIVE;
				CLANG_WARN_UNREACHABLE_CODE = YES;
				CLANG_WARN__DUPLICATE_METHOD_MATCH = YES;
				COPY_PHASE_STRIP = NO;
				DEBUG_INFORMATION_FORMAT = "dwarf-with-dsym";
				ENABLE_NS_ASSERTIONS = NO;
				ENABLE_STRICT_OBJC_MSGSEND = YES;
				GCC_C_LANGUAGE_STANDARD = gnu11;
				GCC_NO_COMMON_BLOCKS = YES;
				GCC_WARN_64_TO_32_BIT_CONVERSION = YES;
				GCC_WARN_ABOUT_RETURN_TYPE = YES_ERROR;
				GCC_WARN_UNDECLARED_SELECTOR = YES;
				GCC_WARN_UNINITIALIZED_AUTOS = YES_AGGRESSIVE;
				GCC_WARN_UNUSED_FUNCTION = YES;
				GCC_WARN_UNUSED_VARIABLE = YES;
				IPHONEOS_DEPLOYMENT_TARGET = 17.0;
				MTL_ENABLE_DEBUG_INFO = NO;
				MTL_FAST_MATH = YES;
				PRODUCT_NAME = "$(TARGET_NAME)";
				SDKROOT = iphoneos;
				SWIFT_COMPILATION_MODE = wholemodule;
				SWIFT_OPTIMIZATION_LEVEL = "-O";
				SWIFT_VERSION = 5.9;
			};
			name = Release;
		};
		C6C8092E17791F069B50A0BF /* Debug */ = {
			isa = XCBuildConfiguration;
			buildSettings = {
				ALWAYS_SEARCH_USER_PATHS = NO;
				CLANG_ANALYZER_NONNULL = YES;
				CLANG_ANALYZER_NUMBER_OBJECT_CONVERSION = YES_AGGRESSIVE;
				CLANG_CXX_LANGUAGE_STANDARD = "gnu++14";
				CLANG_CXX_LIBRARY = "libc++";
				CLANG_ENABLE_MODULES = YES;
				CLANG_ENABLE_OBJC_ARC = YES;
				CLANG_ENABLE_OBJC_WEAK = YES;
				CLANG_WARN_BLOCK_CAPTURE_AUTORELEASING = YES;
				CLANG_WARN_BOOL_CONVERSION = YES;
				CLANG_WARN_COMMA = YES;
				CLANG_WARN_CONSTANT_CONVERSION = YES;
				CLANG_WARN_DEPRECATED_OBJC_IMPLEMENTATIONS = YES;
				CLANG_WARN_DIRECT_OBJC_ISA_USAGE = YES_ERROR;
				CLANG_WARN_DOCUMENTATION_COMMENTS = YES;
				CLANG_WARN_EMPTY_BODY = YES;
				CLANG_WARN_ENUM_CONVERSION = YES;
				CLANG_WARN_INFINITE_RECURSION = YES;
				CLANG_WARN_INT_CONVERSION = YES;
				CLANG_WARN_NON_LITERAL_NULL_CONVERSION = YES;
				CLANG_WARN_OBJC_IMPLICIT_RETAIN_SELF = YES;
				CLANG_WARN_OBJC_LITERAL_CONVERSION = YES;
				CLANG_WARN_OBJC_ROOT_CLASS = YES_ERROR;
				CLANG_WARN_QUOTED_INCLUDE_IN_FRAMEWORK_HEADER = YES;
				CLANG_WARN_RANGE_LOOP_ANALYSIS = YES;
				CLANG_WARN_STRICT_PROTOTYPES = YES;
				CLANG_WARN_SUSPICIOUS_MOVE = YES;
				CLANG_WARN_UNGUARDED_AVAILABILITY = YES_AGGRESSIVE;
				CLANG_WARN_UNREACHABLE_CODE = YES;
				CLANG_WARN__DUPLICATE_METHOD_MATCH = YES;
				COPY_PHASE_STRIP = NO;
				DEBUG_INFORMATION_FORMAT = dwarf;
				ENABLE_STRICT_OBJC_MSGSEND = YES;
				ENABLE_TESTABILITY = YES;
				GCC_C_LANGUAGE_STANDARD = gnu11;
				GCC_DYNAMIC_NO_PIC = NO;
				GCC_NO_COMMON_BLOCKS = YES;
				GCC_OPTIMIZATION_LEVEL = 0;
				GCC_PREPROCESSOR_DEFINITIONS = (
					"$(inherited)",
					"DEBUG=1",
				);
				GCC_WARN_64_TO_32_BIT_CONVERSION = YES;
				GCC_WARN_ABOUT_RETURN_TYPE = YES_ERROR;
				GCC_WARN_UNDECLARED_SELECTOR = YES;
				GCC_WARN_UNINITIALIZED_AUTOS = YES_AGGRESSIVE;
				GCC_WARN_UNUSED_FUNCTION = YES;
				GCC_WARN_UNUSED_VARIABLE = YES;
				IPHONEOS_DEPLOYMENT_TARGET = 17.0;
				MTL_ENABLE_DEBUG_INFO = INCLUDE_SOURCE;
				MTL_FAST_MATH = YES;
				ONLY_ACTIVE_ARCH = YES;
				PRODUCT_NAME = "$(TARGET_NAME)";
				SDKROOT = iphoneos;
				SWIFT_ACTIVE_COMPILATION_CONDITIONS = DEBUG;
				SWIFT_OPTIMIZATION_LEVEL = "-Onone";
				SWIFT_VERSION = 5.9;
			};
			name = Debug;
		};
		F30C6E67C6F200060DB516C2 /* Release */ = {
			isa = XCBuildConfiguration;
			buildSettings = {
				ASSETCATALOG_COMPILER_APPICON_NAME = AppIcon;
				CODE_SIGN_IDENTITY = "iPhone Developer";
				CODE_SIGN_STYLE = Automatic;
				DEVELOPMENT_TEAM = M293D8XT82;
				INFOPLIST_FILE = Resources/Info.plist;
				LD_RUNPATH_SEARCH_PATHS = (
					"$(inherited)",
					"@executable_path/Frameworks",
				);
				PRODUCT_BUNDLE_IDENTIFIER = com.grgabriellaromeo.app;
				SDKROOT = iphoneos;
				TARGETED_DEVICE_FAMILY = "1,2";
			};
			name = Release;
		};
/* End XCBuildConfiguration section */

/* Begin XCConfigurationList section */
		1115E9B6E5C3010BD5E2FB66 /* Build configuration list for PBXNativeTarget "GRGabriellaRomeo" */ = {
			isa = XCConfigurationList;
			buildConfigurations = (
				29F8510A7B309921CCE35156 /* Debug */,
				F30C6E67C6F200060DB516C2 /* Release */,
			);
			defaultConfigurationIsVisible = 0;
			defaultConfigurationName = Debug;
		};
		52C0877141E641EDD58D7C68 /* Build configuration list for PBXProject "GRGabriellaRomeo" */ = {
			isa = XCConfigurationList;
			buildConfigurations = (
				C6C8092E17791F069B50A0BF /* Debug */,
				5A49D025F51F13D7023B33D2 /* Release */,
			);
			defaultConfigurationIsVisible = 0;
			defaultConfigurationName = Debug;
		};
/* End XCConfigurationList section */
	};
	rootObject = E6E900A8FE04BA9C4B7FB5A1 /* Project object */;
}
